{
  "name": "cool-swat-game",
  "lockfileVersion": 2,
  "requires": true,
  "packages": {
    "": {
      "dependencies": {
        "@quenty/maid": "^2.3.0"
      }
    },
    "node_modules/@quenty/maid": {
      "version": "2.3.0",
      "resolved": "https://registry.npmjs.org/@quenty/maid/-/maid-2.3.0.tgz",
      "integrity": "sha512-UVoXLejuBKnGpLLuOTWxHpG43mIesOwNErUUIuLQ1cIA8fSVnOA1DXzd8sz+4hdd5FFijnOhDojrtEZRD8LQdw==",
      "funding": {
        "type": "patreon",
        "url": "https://www.patreon.com/quenty"
      }
    }
  },
  "dependencies": {
    "@quenty/maid": {
      "version": "2.3.0",
      "resolved": "https://registry.npmjs.org/@quenty/maid/-/maid-2.3.0.tgz",
      "integrity": "sha512-UVoXLejuBKnGpLLuOTWxHpG43mIesOwNErUUIuLQ1cIA8fSVnOA1DXzd8sz+4hdd5FFijnOhDojrtEZRD8LQdw=="
    }
  }
}
